
Microsoft Visual Studio Solution File, Format Version 12.00
# Visual Studio 14
VisualStudioVersion = 14.0.23107.0
MinimumVisualStudioVersion = 10.0.40219.1
Project("{8BC9CEB8-8B4A-11D0-8D11-00A0C91BC942}") = "VulkanTestApplication", "VulkanTestApplication\VulkanTestApplication.vcxproj", "{0606196C-9758-47C6-98A1-8F9FF68BFE86}"
EndProject
Project("{2150E333-8FDC-42A3-9474-1A3956D46DE8}") = "config", "config", "{0633EB29-51F5-476B-91AD-AF1308F2AC48}"
	ProjectSection(SolutionItems) = preProject
		config\SPIRVShader.targets = config\SPIRVShader.targets
		config\SPIRVShader.xml = config\SPIRVShader.xml
	EndProjectSection
EndProject
Global
	GlobalSection(SolutionConfigurationPlatforms) = preSolution
		Debug|x64 = Debug|x64
		Debug|x86 = Debug|x86
		Release|x64 = Release|x64
		Release|x86 = Release|x86
	EndGlobalSection
	GlobalSection(ProjectConfigurationPlatforms) = postSolution
		{0606196C-9758-47C6-98A1-8F9FF68BFE86}.Debug|x64.ActiveCfg = Debug|x64
		{0606196C-9758-47C6-98A1-8F9FF68BFE86}.Debug|x64.Build.0 = Debug|x64
		{0606196C-9758-47C6-98A1-8F9FF68BFE86}.Debug|x86.ActiveCfg = Debug|Win32
		{0606196C-9758-47C6-98A1-8F9FF68BFE86}.Debug|x86.Build.0 = Debug|Win32
		{0606196C-9758-47C6-98A1-8F9FF68BFE86}.Release|x64.ActiveCfg = Release|x64
		{0606196C-9758-47C6-98A1-8F9FF68BFE86}.Release|x64.Build.0 = Release|x64
		{0606196C-9758-47C6-98A1-8F9FF68BFE86}.Release|x86.ActiveCfg = Release|Win32
		{0606196C-9758-47C6-98A1-8F9FF68BFE86}.Release|x86.Build.0 = Release|Win32
	EndGlobalSection
	GlobalSection(SolutionProperties) = preSolution
		HideSolutionNode = FALSE
	EndGlobalSection
EndGlobal
